
Microsoft Visual Studio Solution File, Format Version 12.00
# Visual Studio 15
VisualStudioVersion = 15.0.27130.2003
MinimumVisualStudioVersion = 10.0.40219.1
Project("{FAE04EC0-301F-11D3-BF4B-00C04F79EFBC}") = "CodeFriend", "CodeFriend\CodeFriend.csproj", "{2367BD7F-0AD6-4303-A610-7A702FC58A33}"
EndProject
Global
	GlobalSection(SolutionConfigurationPlatforms) = preSolution
		Debug|Any CPU = Debug|Any CPU
		Release|Any CPU = Release|Any CPU
	EndGlobalSection
	GlobalSection(ProjectConfigurationPlatforms) = postSolution
		{2367BD7F-0AD6-4303-A610-7A702FC58A33}.Debug|Any CPU.ActiveCfg = Debug|Any CPU
		{2367BD7F-0AD6-4303-A610-7A702FC58A33}.Debug|Any CPU.Build.0 = Debug|Any CPU
		{2367BD7F-0AD6-4303-A610-7A702FC58A33}.Release|Any CPU.ActiveCfg = Release|Any CPU
		{2367BD7F-0AD6-4303-A610-7A702FC58A33}.Release|Any CPU.Build.0 = Release|Any CPU
	EndGlobalSection
	GlobalSection(SolutionProperties) = preSolution
		HideSolutionNode = FALSE
	EndGlobalSection
	GlobalSection(ExtensibilityGlobals) = postSolution
		SolutionGuid = {B222ECAA-77F8-41A5-97F1-85D2E1EB0834}
	EndGlobalSection
EndGlobal
